{
  "name": "text-openai-embedding-js",
  "version": "1.0.0",
  "lockfileVersion": 3,
  "requires": true,
  "packages": {
    "": {
      "name": "text-openai-embedding-js",
      "version": "1.0.0",
      "license": "ISC",
      "dependencies": {
        "@azure/identity": "^4.13.1",
        "@azure/openai": "^1.0.0-beta.12",
        "@azure/search-documents": "^12.1.0-beta.1",
        "commander": "^12.1.0",
        "dotenv": "^16.6.1",
        "text-openai-embedding-js": "file:"
      }
    },
    "node_modules/@azure-rest/core-client": {
      "version": "1.4.0",
      "integrity": "sha512-ozTDPBVUDR5eOnMIwhggbnVmOrka4fXCs8n8mvUo4WLLc38kki6bAOByDoVZZPz/pZy2jMt2kwfpvy/UjALj6w==",
      "dependencies": {
        "@azure/abort-controller": "^2.0.0",
        "@azure/core-auth": "^1.3.0",
        "@azure/core-rest-pipeline": "^1.5.0",
        "@azure/core-tracing": "^1.0.1",
        "@azure/core-util": "^1.0.0",
        "tslib": "^2.6.2"
      },
      "engines": {
        "node": ">=18.0.0"
      }
    },
    "node_modules/@azure/abort-controller": {
      "version": "2.1.2",
      "integrity": "sha512-nBrLsEWm4J2u5LpAPjxADTlq3trDgVZZXHNKabeXZtpq3d3AbN/KGO82R87rdDz5/lYB024rtEf10/q0urNgsA==",
      "dependencies": {
        "tslib": "^2.6.2"
      },
      "engines": {
        "node": ">=18.0.0"
      }
    },
    "node_modules/@azure/core-auth": {
      "version": "1.11.0",
      "integrity": "sha1-Ha7/32LRqHHSK4ZfnzFkpj6h9XU=",
      "license": "MIT",
      "dependencies": {
        "@azure/abort-controller": "^2.1.2",
        "@azure/core-util": "^1.13.0",
        "tslib": "^2.6.2"
      },
      "engines": {
        "node": ">=22.0.0"
      }
    },
    "node_modules/@azure/core-client": {
      "version": "1.9.2",
      "integrity": "sha512-kRdry/rav3fUKHl/aDLd/pDLcB+4pOFwPPTVEExuMyaI5r+JBbMWqRbCY1pn5BniDaU3lRxO9eaQ1AmSMehl/w==",
      "dependencies": {
        "@azure/abort-controller": "^2.0.0",
        "@azure/core-auth": "^1.4.0",
        "@azure/core-rest-pipeline": "^1.9.1",
        "@azure/core-tracing": "^1.0.0",
        "@azure/core-util": "^1.6.1",
        "@azure/logger": "^1.0.0",
        "tslib": "^2.6.2"
      },
      "engines": {
        "node": ">=18.0.0"
      }
    },
    "node_modules/@azure/core-http-compat": {
      "version": "2.1.2",
      "integrity": "sha512-5MnV1yqzZwgNLLjlizsU3QqOeQChkIXw781Fwh1xdAqJR5AA32IUaq6xv1BICJvfbHoa+JYcaij2HFkhLbNTJQ==",
      "dependencies": {
        "@azure/abort-controller": "^2.0.0",
        "@azure/core-client": "^1.3.0",
        "@azure/core-rest-pipeline": "^1.3.0"
      },
      "engines": {
        "node": ">=18.0.0"
      }
    },
    "node_modules/@azure/core-paging": {
      "version": "1.6.2",
      "integrity": "sha512-YKWi9YuCU04B55h25cnOYZHxXYtEvQEbKST5vqRga7hWY9ydd3FZHdeQF8pyh+acWZvppw13M/LMGx0LABUVMA==",
      "dependencies": {
        "tslib": "^2.6.2"
      },
      "engines": {
        "node": ">=18.0.0"
      }
    },
    "node_modules/@azure/core-rest-pipeline": {
      "version": "1.25.0",
      "integrity": "sha1-kupJEu27H3OV9IKaMAYxF0qoLwg=",
      "license": "MIT",
      "dependencies": {
        "@azure/abort-controller": "^2.1.2",
        "@azure/core-auth": "^1.10.0",
        "@azure/core-tracing": "^1.3.0",
        "@azure/core-util": "^1.13.0",
        "@azure/logger": "^1.3.0",
        "@typespec/ts-http-runtime": "^0.3.4",
        "tslib": "^2.6.2"
      },
      "engines": {
        "node": ">=22.0.0"
      }
    },
    "node_modules/@azure/core-sse": {
      "version": "2.1.2",
      "integrity": "sha512-yf+pFIu8yCzXu9RbH2+8kp9vITIKJLHgkLgFNA6hxiDHK3fxeP596cHUj4c8Cm8JlooaUnYdHmF84KCZt3jbmw==",
      "dependencies": {
        "tslib": "^2.6.2"
      },
      "engines": {
        "node": ">=18.0.0"
      }
    },
    "node_modules/@azure/core-tracing": {
      "version": "1.4.0",
      "integrity": "sha1-1lenAOJNJW0ZXmKKeV22qMxHXqs=",
      "license": "MIT",
      "dependencies": {
        "tslib": "^2.6.2"
      },
      "engines": {
        "node": ">=22.0.0"
      }
    },
    "node_modules/@azure/core-util": {
      "version": "1.14.0",
      "integrity": "sha1-fOn+V5WPEy3UIlc4VuWkXHIyuwQ=",
      "license": "MIT",
      "dependencies": {
        "@azure/abort-controller": "^2.1.2",
        "@typespec/ts-http-runtime": "^0.3.0",
        "tslib": "^2.6.2"
      },
      "engines": {
        "node": ">=22.0.0"
      }
    },
    "node_modules/@azure/identity": {
      "version": "4.13.1",
      "integrity": "sha1-vcCRZYuqWaR+6furSHpLsBhym8M=",
      "license": "MIT",
      "dependencies": {
        "@azure/abort-controller": "^2.0.0",
        "@azure/core-auth": "^1.9.0",
        "@azure/core-client": "^1.9.2",
        "@azure/core-rest-pipeline": "^1.17.0",
        "@azure/core-tracing": "^1.0.0",
        "@azure/core-util": "^1.11.0",
        "@azure/logger": "^1.0.0",
        "@azure/msal-browser": "^5.5.0",
        "@azure/msal-node": "^5.1.0",
        "open": "^10.1.0",
        "tslib": "^2.2.0"
      },
      "engines": {
        "node": ">=20.0.0"
      }
    },
    "node_modules/@azure/logger": {
      "version": "1.4.0",
      "integrity": "sha1-PVpif+WaJ27OdIenndkq1cUIwzk=",
      "license": "MIT",
      "dependencies": {
        "@typespec/ts-http-runtime": "^0.3.0",
        "tslib": "^2.6.2"
      },
      "engines": {
        "node": ">=22.0.0"
      }
    },
    "node_modules/@azure/msal-browser": {
      "version": "5.17.0",
      "integrity": "sha1-Sx+NQg74G72JRylZkK4GCbCLodw=",
      "license": "MIT",
      "dependencies": {
        "@azure/msal-common": "16.11.1"
      },
      "engines": {
        "node": ">=0.8.0"
      }
    },
    "node_modules/@azure/msal-common": {
      "version": "16.11.1",
      "integrity": "sha1-/Bx317GbKOoLkGGKg+D3+WfpEOk=",
      "license": "MIT",
      "engines": {
        "node": ">=0.8.0"
      }
    },
    "node_modules/@azure/msal-node": {
      "version": "5.4.0",
      "integrity": "sha1-H+WD78vMBb/uw7aUUCrwowFvIwE=",
      "license": "MIT",
      "dependencies": {
        "@azure/msal-common": "16.11.1",
        "jsonwebtoken": "^9.0.0"
      },
      "engines": {
        "node": ">=20"
      }
    },
    "node_modules/@azure/openai": {
      "version": "1.0.0-beta.12",
      "integrity": "sha512-qKblxr6oVa8GsyNzY+/Ub9VmEsPYKhBrUrPaNEQiM+qrxnBPVm9kaeqGFFb/U78Q2zOabmhF9ctYt3xBW0nWnQ==",
      "dependencies": {
        "@azure-rest/core-client": "^1.1.7",
        "@azure/core-auth": "^1.4.0",
        "@azure/core-rest-pipeline": "^1.13.0",
        "@azure/core-sse": "^2.0.0",
        "@azure/core-util": "^1.4.0",
        "@azure/logger": "^1.0.3",
        "tslib": "^2.4.0"
      },
      "engines": {
        "node": ">=18.0.0"
      }
    },
    "node_modules/@azure/search-documents": {
      "version": "12.1.0-beta.1",
      "integrity": "sha512-gou9zeDkOJWp7iXg7XHun3j9nReI6y+uOhWHb6n/M+Rjp37ZK4F0KFnr/G0EEekFMyA12wjIowVc5iUdaO11AQ==",
      "dependencies": {
        "@azure/core-auth": "^1.3.0",
        "@azure/core-client": "^1.3.0",
        "@azure/core-http-compat": "^2.0.1",
        "@azure/core-paging": "^1.1.1",
        "@azure/core-rest-pipeline": "^1.3.0",
        "@azure/core-tracing": "^1.0.0",
        "@azure/logger": "^1.0.0",
        "events": "^3.0.0",
        "tslib": "^2.2.0"
      },
      "engines": {
        "node": ">=18.0.0"
      }
    },
    "node_modules/@typespec/ts-http-runtime": {
      "version": "0.3.7",
      "integrity": "sha1-mrJ1NYmDu9MLyJUM9NxX5kcGcPM=",
      "license": "MIT",
      "dependencies": {
        "http-proxy-agent": "^7.0.0",
        "https-proxy-agent": "^7.0.0",
        "tslib": "^2.6.2"
      },
      "engines": {
        "node": ">=22.0.0"
      }
    },
    "node_modules/agent-base": {
      "version": "7.1.4",
      "integrity": "sha1-48121MVI7oldPD/Y3B9sW5Ay56g=",
      "license": "MIT",
      "engines": {
        "node": ">= 14"
      }
    },
    "node_modules/buffer-equal-constant-time": {
      "version": "1.0.1",
      "integrity": "sha1-+OcRMvf/5uAaXJaXpMbz5I1cyBk=",
      "license": "BSD-3-Clause"
    },
    "node_modules/bundle-name": {
      "version": "4.1.0",
      "integrity": "sha1-87lrNBYNZDGhnXaIE1r3z7h5eIk=",
      "license": "MIT",
      "dependencies": {
        "run-applescript": "^7.0.0"
      },
      "engines": {
        "node": ">=18"
      },
      "funding": {
        "url": "https://github.com/sponsors/sindresorhus"
      }
    },
    "node_modules/commander": {
      "version": "12.1.0",
      "integrity": "sha1-AUI7NvUBJZ/arE0OTWDJbJkVhdM=",
      "license": "MIT",
      "engines": {
        "node": ">=18"
      }
    },
    "node_modules/debug": {
      "version": "4.4.3",
      "integrity": "sha1-xq5DLZvZZiWC/OCHCbA4xY6ePWo=",
      "license": "MIT",
      "dependencies": {
        "ms": "^2.1.3"
      },
      "engines": {
        "node": ">=6.0"
      },
      "peerDependenciesMeta": {
        "supports-color": {
          "optional": true
        }
      }
    },
    "node_modules/default-browser": {
      "version": "5.5.0",
      "integrity": "sha1-J5LohvJCKJRUWUfMgOGkRElsWXY=",
      "license": "MIT",
      "dependencies": {
        "bundle-name": "^4.1.0",
        "default-browser-id": "^5.0.0"
      },
      "engines": {
        "node": ">=18"
      },
      "funding": {
        "url": "https://github.com/sponsors/sindresorhus"
      }
    },
    "node_modules/default-browser-id": {
      "version": "5.0.1",
      "integrity": "sha1-96fMuPUQS/jg9xujscz6Xq/bIeg=",
      "license": "MIT",
      "engines": {
        "node": ">=18"
      },
      "funding": {
        "url": "https://github.com/sponsors/sindresorhus"
      }
    },
    "node_modules/define-lazy-prop": {
      "version": "3.0.0",
      "integrity": "sha1-27Ga37dG1/xtc0oGty9KANAhJV8=",
      "license": "MIT",
      "engines": {
        "node": ">=12"
      },
      "funding": {
        "url": "https://github.com/sponsors/sindresorhus"
      }
    },
    "node_modules/dotenv": {
      "version": "16.6.1",
      "integrity": "sha1-dz8OaVJ6gxXHKF1e5zxEWdIKgCA=",
      "license": "BSD-2-Clause",
      "engines": {
        "node": ">=12"
      },
      "funding": {
        "url": "https://dotenvx.com"
      }
    },
    "node_modules/ecdsa-sig-formatter": {
      "version": "1.0.11",
      "integrity": "sha1-rg8PothQRe8UqBfao86azQSJ5b8=",
      "license": "Apache-2.0",
      "dependencies": {
        "safe-buffer": "^5.0.1"
      }
    },
    "node_modules/events": {
      "version": "3.3.0",
      "integrity": "sha512-mQw+2fkQbALzQ7V0MY0IqdnXNOeTtP4r0lN9z7AAawCXgqea7bDii20AYrIBrFd/Hx0M2Ocz6S111CaFkUcb0Q==",
      "engines": {
        "node": ">=0.8.x"
      }
    },
    "node_modules/http-proxy-agent": {
      "version": "7.0.2",
      "integrity": "sha1-mosfJGhmwChQlIZYX2K48sGMJw4=",
      "license": "MIT",
      "dependencies": {
        "agent-base": "^7.1.0",
        "debug": "^4.3.4"
      },
      "engines": {
        "node": ">= 14"
      }
    },
    "node_modules/https-proxy-agent": {
      "version": "7.0.6",
      "integrity": "sha1-2o3+rH2hMLBcK6S1nJts1mYRprk=",
      "license": "MIT",
      "dependencies": {
        "agent-base": "^7.1.2",
        "debug": "4"
      },
      "engines": {
        "node": ">= 14"
      }
    },
    "node_modules/is-docker": {
      "version": "3.0.0",
      "integrity": "sha1-kAk6oxBid9inelkQ265xdH4VogA=",
      "license": "MIT",
      "bin": {
        "is-docker": "cli.js"
      },
      "engines": {
        "node": "^12.20.0 || ^14.13.1 || >=16.0.0"
      },
      "funding": {
        "url": "https://github.com/sponsors/sindresorhus"
      }
    },
    "node_modules/is-inside-container": {
      "version": "1.0.0",
      "integrity": "sha1-6B+6aZZi6zHb2vJnZqYdSBRxfqQ=",
      "license": "MIT",
      "dependencies": {
        "is-docker": "^3.0.0"
      },
      "bin": {
        "is-inside-container": "cli.js"
      },
      "engines": {
        "node": ">=14.16"
      },
      "funding": {
        "url": "https://github.com/sponsors/sindresorhus"
      }
    },
    "node_modules/is-wsl": {
      "version": "3.1.1",
      "integrity": "sha1-MniXsmgyo+sRfabCdJLQTKEyWU8=",
      "license": "MIT",
      "dependencies": {
        "is-inside-container": "^1.0.0"
      },
      "engines": {
        "node": ">=16"
      },
      "funding": {
        "url": "https://github.com/sponsors/sindresorhus"
      }
    },
    "node_modules/jsonwebtoken": {
      "version": "9.0.3",
      "integrity": "sha1-bNV6sB6bCsB8uEfVPTybbuMfeuI=",
      "license": "MIT",
      "dependencies": {
        "jws": "^4.0.1",
        "lodash.includes": "^4.3.0",
        "lodash.isboolean": "^3.0.3",
        "lodash.isinteger": "^4.0.4",
        "lodash.isnumber": "^3.0.3",
        "lodash.isplainobject": "^4.0.6",
        "lodash.isstring": "^4.0.1",
        "lodash.once": "^4.0.0",
        "ms": "^2.1.1",
        "semver": "^7.5.4"
      },
      "engines": {
        "node": ">=12",
        "npm": ">=6"
      }
    },
    "node_modules/jwa": {
      "version": "2.0.1",
      "integrity": "sha1-v4F20a0M1y4PP1gzhZWhPhELyAQ=",
      "license": "MIT",
      "dependencies": {
        "buffer-equal-constant-time": "^1.0.1",
        "ecdsa-sig-formatter": "1.0.11",
        "safe-buffer": "^5.0.1"
      }
    },
    "node_modules/jws": {
      "version": "4.0.1",
      "integrity": "sha1-B+3Bvo+sIOZ3soPs4mFJi9OPBpA=",
      "license": "MIT",
      "dependencies": {
        "jwa": "^2.0.1",
        "safe-buffer": "^5.0.1"
      }
    },
    "node_modules/lodash.includes": {
      "version": "4.3.0",
      "integrity": "sha1-YLuYqHy5I8aMoeUTJUgzFISfVT8=",
      "license": "MIT"
    },
    "node_modules/lodash.isboolean": {
      "version": "3.0.3",
      "integrity": "sha1-bC4XHbKiV82WgC/UOwGyDV9YcPY=",
      "license": "MIT"
    },
    "node_modules/lodash.isinteger": {
      "version": "4.0.4",
      "integrity": "sha1-YZwK89A/iwTDH1iChAt3sRzWg0M=",
      "license": "MIT"
    },
    "node_modules/lodash.isnumber": {
      "version": "3.0.3",
      "integrity": "sha1-POdoEMWSjQM1IwGsKHMX8RwLH/w=",
      "license": "MIT"
    },
    "node_modules/lodash.isplainobject": {
      "version": "4.0.6",
      "integrity": "sha1-fFJqUtibRcRcxpC4gWO+BJf1UMs=",
      "license": "MIT"
    },
    "node_modules/lodash.isstring": {
      "version": "4.0.1",
      "integrity": "sha1-1SfftUVuynzJu5XV2ur4i6VKVFE=",
      "license": "MIT"
    },
    "node_modules/lodash.once": {
      "version": "4.1.1",
      "integrity": "sha1-DdOXEhPHxW34gJd9UEyI+0cal6w=",
      "license": "MIT"
    },
    "node_modules/ms": {
      "version": "2.1.3",
      "integrity": "sha1-V0yBOM4dK1hh8LRFedut1gxmFbI=",
      "license": "MIT"
    },
    "node_modules/open": {
      "version": "10.2.0",
      "integrity": "sha1-udhVvgB2IOgLb7BfrJgUH+Yttzw=",
      "license": "MIT",
      "dependencies": {
        "default-browser": "^5.2.1",
        "define-lazy-prop": "^3.0.0",
        "is-inside-container": "^1.0.0",
        "wsl-utils": "^0.1.0"
      },
      "engines": {
        "node": ">=18"
      },
      "funding": {
        "url": "https://github.com/sponsors/sindresorhus"
      }
    },
    "node_modules/run-applescript": {
      "version": "7.1.0",
      "integrity": "sha1-Lp5UxGZOwxBsW1Yw4knT1llcSRE=",
      "license": "MIT",
      "engines": {
        "node": ">=18"
      },
      "funding": {
        "url": "https://github.com/sponsors/sindresorhus"
      }
    },
    "node_modules/safe-buffer": {
      "version": "5.2.1",
      "integrity": "sha1-Hq+fqb2x/dTsdfWPnNtOa3gn7sY=",
      "funding": [
        {
          "type": "github",
          "url": "https://github.com/sponsors/feross"
        },
        {
          "type": "patreon",
          "url": "https://www.patreon.com/feross"
        },
        {
          "type": "consulting",
          "url": "https://feross.org/support"
        }
      ],
      "license": "MIT"
    },
    "node_modules/semver": {
      "version": "7.8.5",
      "integrity": "sha1-ObZGA33VDBT7RR5+TKxY7YuGP2k=",
      "license": "ISC",
      "bin": {
        "semver": "bin/semver.js"
      },
      "engines": {
        "node": ">=10"
      }
    },
    "node_modules/text-openai-embedding-js": {
      "resolved": "",
      "link": true
    },
    "node_modules/tslib": {
      "version": "2.6.2",
      "integrity": "sha512-AEYxH93jGFPn/a2iVAwW87VuUIkR1FVUKB77NwMF7nBTDkDrrT/Hpt/IrCJ0QXhW27jTBDcf5ZY7w6RiqTMw2Q=="
    },
    "node_modules/wsl-utils": {
      "version": "0.1.0",
      "integrity": "sha1-h4PU32cdTVA2W+LuTHGRegVXuqs=",
      "license": "MIT",
      "dependencies": {
        "is-wsl": "^3.1.0"
      },
      "engines": {
        "node": ">=18"
      },
      "funding": {
        "url": "https://github.com/sponsors/sindresorhus"
      }
    }
  }
}
